
Microsoft Visual Studio Solution File, Format Version 12.00
# Visual Studio Version 17
VisualStudioVersion = 17.8.34330.188
MinimumVisualStudioVersion = 10.0.40219.1
Project("{FAE04EC0-301F-11D3-BF4B-00C04F79EFBC}") = "BibleRandomizer", "BibleRandomizer.csproj", "{9AE89445-56D9-46FE-ADDE-AC5CD17B5764}"
EndProject
Global
	GlobalSection(SolutionConfigurationPlatforms) = preSolution
		Debug|Any CPU = Debug|Any CPU
		Release|Any CPU = Release|Any CPU
	EndGlobalSection
	GlobalSection(ProjectConfigurationPlatforms) = postSolution
		{9AE89445-56D9-46FE-ADDE-AC5CD17B5764}.Debug|Any CPU.ActiveCfg = Debug|Any CPU
		{9AE89445-56D9-46FE-ADDE-AC5CD17B5764}.Debug|Any CPU.Build.0 = Debug|Any CPU
		{9AE89445-56D9-46FE-ADDE-AC5CD17B5764}.Release|Any CPU.ActiveCfg = Release|Any CPU
		{9AE89445-56D9-46FE-ADDE-AC5CD17B5764}.Release|Any CPU.Build.0 = Release|Any CPU
	EndGlobalSection
	GlobalSection(SolutionProperties) = preSolution
		HideSolutionNode = FALSE
	EndGlobalSection
	GlobalSection(ExtensibilityGlobals) = postSolution
		SolutionGuid = {42BA4276-5888-4283-91CE-60077EBBCEAF}
	EndGlobalSection
EndGlobal
